
Microsoft Visual Studio Solution File, Format Version 12.00
# Visual Studio Version 17
VisualStudioVersion = 17.9.34728.123
MinimumVisualStudioVersion = 10.0.40219.1
Project("{FAE04EC0-301F-11D3-BF4B-00C04F79EFBC}") = "Delegat", "Delegat.csproj", "{5A929685-71A1-4DD8-9BDE-5BF712525430}"
EndProject
Global
	GlobalSection(SolutionConfigurationPlatforms) = preSolution
		Debug|Any CPU = Debug|Any CPU
		Release|Any CPU = Release|Any CPU
	EndGlobalSection
	GlobalSection(ProjectConfigurationPlatforms) = postSolution
		{5A929685-71A1-4DD8-9BDE-5BF712525430}.Debug|Any CPU.ActiveCfg = Debug|Any CPU
		{5A929685-71A1-4DD8-9BDE-5BF712525430}.Debug|Any CPU.Build.0 = Debug|Any CPU
		{5A929685-71A1-4DD8-9BDE-5BF712525430}.Release|Any CPU.ActiveCfg = Release|Any CPU
		{5A929685-71A1-4DD8-9BDE-5BF712525430}.Release|Any CPU.Build.0 = Release|Any CPU
	EndGlobalSection
	GlobalSection(SolutionProperties) = preSolution
		HideSolutionNode = FALSE
	EndGlobalSection
	GlobalSection(ExtensibilityGlobals) = postSolution
		SolutionGuid = {528D90EA-58F2-4F32-A77C-372612E0DA01}
	EndGlobalSection
EndGlobal
